
Microsoft Visual Studio Solution File, Format Version 11.00
# Visual Studio 2010
Project("{FAE04EC0-301F-11D3-BF4B-00C04F79EFBC}") = "xps2img", "xps2img\xps2img.csproj", "{236BBAAD-700A-4695-834F-713A79E29310}"
	ProjectSection(ProjectDependencies) = postProject
		{33D069F8-1FB0-475D-B19F-51979CB3E9DD} = {33D069F8-1FB0-475D-B19F-51979CB3E9DD}
	EndProjectSection
EndProject
Project("{FAE04EC0-301F-11D3-BF4B-00C04F79EFBC}") = "CommandLine", "_Lib\CommandLine\CommandLine.csproj", "{33D069F8-1FB0-475D-B19F-51979CB3E9DD}"
EndProject
Project("{FAE04EC0-301F-11D3-BF4B-00C04F79EFBC}") = "xps2imgTests", "xps2imgTests\xps2imgTests.csproj", "{5CBE640C-8B3D-4C9C-BE91-3C8B9540CFBB}"
EndProject
Project("{FAE04EC0-301F-11D3-BF4B-00C04F79EFBC}") = "xps2imgShared", "xps2imgShared\xps2imgShared.csproj", "{98F3CD20-A620-41BE-AA20-DF8568620DEB}"
EndProject
Global
	GlobalSection(SolutionConfigurationPlatforms) = preSolution
		Debug|Any CPU = Debug|Any CPU
		Release|Any CPU = Release|Any CPU
	EndGlobalSection
	GlobalSection(ProjectConfigurationPlatforms) = postSolution
		{236BBAAD-700A-4695-834F-713A79E29310}.Debug|Any CPU.ActiveCfg = Debug|Any CPU
		{236BBAAD-700A-4695-834F-713A79E29310}.Debug|Any CPU.Build.0 = Debug|Any CPU
		{236BBAAD-700A-4695-834F-713A79E29310}.Release|Any CPU.ActiveCfg = Release|Any CPU
		{236BBAAD-700A-4695-834F-713A79E29310}.Release|Any CPU.Build.0 = Release|Any CPU
		{33D069F8-1FB0-475D-B19F-51979CB3E9DD}.Debug|Any CPU.ActiveCfg = Debug|Any CPU
		{33D069F8-1FB0-475D-B19F-51979CB3E9DD}.Debug|Any CPU.Build.0 = Debug|Any CPU
		{33D069F8-1FB0-475D-B19F-51979CB3E9DD}.Release|Any CPU.ActiveCfg = Release|Any CPU
		{33D069F8-1FB0-475D-B19F-51979CB3E9DD}.Release|Any CPU.Build.0 = Release|Any CPU
		{5CBE640C-8B3D-4C9C-BE91-3C8B9540CFBB}.Debug|Any CPU.ActiveCfg = Debug|Any CPU
		{5CBE640C-8B3D-4C9C-BE91-3C8B9540CFBB}.Debug|Any CPU.Build.0 = Debug|Any CPU
		{5CBE640C-8B3D-4C9C-BE91-3C8B9540CFBB}.Release|Any CPU.ActiveCfg = Release|Any CPU
		{5CBE640C-8B3D-4C9C-BE91-3C8B9540CFBB}.Release|Any CPU.Build.0 = Release|Any CPU
		{98F3CD20-A620-41BE-AA20-DF8568620DEB}.Debug|Any CPU.ActiveCfg = Debug|Any CPU
		{98F3CD20-A620-41BE-AA20-DF8568620DEB}.Debug|Any CPU.Build.0 = Debug|Any CPU
		{98F3CD20-A620-41BE-AA20-DF8568620DEB}.Release|Any CPU.ActiveCfg = Release|Any CPU
		{98F3CD20-A620-41BE-AA20-DF8568620DEB}.Release|Any CPU.Build.0 = Release|Any CPU
	EndGlobalSection
	GlobalSection(SolutionProperties) = preSolution
		HideSolutionNode = FALSE
	EndGlobalSection
EndGlobal
